<?xml version="1.0" encoding="UTF-8"?>
<Project ToolsVersion="15.0" xmlns="http://schemas.microsoft.com/developer/msbuild/2003">
  <ItemGroup>
    <ClCompile Include="D:\denni\Documents\GameDev\LearningOpenGL\OpenGLTutorial\assimp-4.1.0\contrib\irrXML\irrXML.cpp">
      <Filter>Source Files</Filter>
    </ClCompile>
  </ItemGroup>
  <ItemGroup>
    <ClInclude Include="D:\denni\Documents\GameDev\LearningOpenGL\OpenGLTutorial\assimp-4.1.0\contrib\irrXML\CXMLReaderImpl.h">
      <Filter>Header Files</Filter>
    </ClInclude>
    <ClInclude Include="D:\denni\Documents\GameDev\LearningOpenGL\OpenGLTutorial\assimp-4.1.0\contrib\irrXML\heapsort.h">
      <Filter>Header Files</Filter>
    </ClInclude>
    <ClInclude Include="D:\denni\Documents\GameDev\LearningOpenGL\OpenGLTutorial\assimp-4.1.0\contrib\irrXML\irrArray.h">
      <Filter>Header Files</Filter>
    </ClInclude>
    <ClInclude Include="D:\denni\Documents\GameDev\LearningOpenGL\OpenGLTutorial\assimp-4.1.0\contrib\irrXML\irrString.h">
      <Filter>Header Files</Filter>
    </ClInclude>
    <ClInclude Include="D:\denni\Documents\GameDev\LearningOpenGL\OpenGLTutorial\assimp-4.1.0\contrib\irrXML\irrTypes.h">
      <Filter>Header Files</Filter>
    </ClInclude>
    <ClInclude Include="D:\denni\Documents\GameDev\LearningOpenGL\OpenGLTutorial\assimp-4.1.0\contrib\irrXML\irrXML.h">
      <Filter>Header Files</Filter>
    </ClInclude>
  </ItemGroup>
  <ItemGroup>
    <CustomBuild Include="D:\denni\Documents\GameDev\LearningOpenGL\OpenGLTutorial\assimp-4.1.0\contrib\irrXML\CMakeLists.txt" />
  </ItemGroup>
  <ItemGroup>
    <Filter Include="Source Files">
      <UniqueIdentifier>{FBE88025-A0E3-3A66-8D4E-37BB9B9A6BEF}</UniqueIdentifier>
    </Filter>
    <Filter Include="Header Files">
      <UniqueIdentifier>{841E842E-84E5-3CF6-AFF4-3E359EC70799}</UniqueIdentifier>
    </Filter>
  </ItemGroup>
</Project>
