Microsoft Visual Studio Solution File, Format Version 12.00
# Visual Studio 15
Project("{8BC9CEB8-8B4A-11D0-8D11-00A0C91BC942}") = "ALL_BUILD", "ALL_BUILD.vcxproj", "{91B5C1E5-99A7-3857-9C3D-8CAEE6BE6F16}"
	ProjectSection(ProjectDependencies) = postProject
		{274C157E-8CFE-3026-927F-13278A0FDDA4} = {274C157E-8CFE-3026-927F-13278A0FDDA4}
		{952F698D-75F4-3073-A887-1C80BA65B23C} = {952F698D-75F4-3073-A887-1C80BA65B23C}
		{3AA76D98-6676-347A-9547-68ED36C0C8A8} = {3AA76D98-6676-347A-9547-68ED36C0C8A8}
		{F4EA3D3B-D189-3DF3-BA07-9B5D26E27B66} = {F4EA3D3B-D189-3DF3-BA07-9B5D26E27B66}
		{08BC8B18-1396-3061-91F9-F5827414504D} = {08BC8B18-1396-3061-91F9-F5827414504D}
		{21A1A58C-4301-3586-BE01-8C194BFAB7FD} = {21A1A58C-4301-3586-BE01-8C194BFAB7FD}
		{9C6D5544-E8A9-3F69-9305-FED1D559E7D4} = {9C6D5544-E8A9-3F69-9305-FED1D559E7D4}
	EndProjectSection
EndProject
Project("{8BC9CEB8-8B4A-11D0-8D11-00A0C91BC942}") = "Continuous", "test\Continuous.vcxproj", "{54EEFE1D-97CD-30BA-913A-6DD0594D8AD4}"
	ProjectSection(ProjectDependencies) = postProject
		{952F698D-75F4-3073-A887-1C80BA65B23C} = {952F698D-75F4-3073-A887-1C80BA65B23C}
	EndProjectSection
EndProject
Project("{8BC9CEB8-8B4A-11D0-8D11-00A0C91BC942}") = "Experimental", "test\Experimental.vcxproj", "{815F21EC-7812-3583-ADAA-F4215A66A56B}"
	ProjectSection(ProjectDependencies) = postProject
		{952F698D-75F4-3073-A887-1C80BA65B23C} = {952F698D-75F4-3073-A887-1C80BA65B23C}
	EndProjectSection
EndProject
Project("{8BC9CEB8-8B4A-11D0-8D11-00A0C91BC942}") = "INSTALL", "INSTALL.vcxproj", "{1A3AD13D-B269-3450-9AFE-E226BCE1E569}"
	ProjectSection(ProjectDependencies) = postProject
		{91B5C1E5-99A7-3857-9C3D-8CAEE6BE6F16} = {91B5C1E5-99A7-3857-9C3D-8CAEE6BE6F16}
		{952F698D-75F4-3073-A887-1C80BA65B23C} = {952F698D-75F4-3073-A887-1C80BA65B23C}
	EndProjectSection
EndProject
Project("{8BC9CEB8-8B4A-11D0-8D11-00A0C91BC942}") = "IrrXML", "contrib\irrXML\IrrXML.vcxproj", "{274C157E-8CFE-3026-927F-13278A0FDDA4}"
	ProjectSection(ProjectDependencies) = postProject
		{952F698D-75F4-3073-A887-1C80BA65B23C} = {952F698D-75F4-3073-A887-1C80BA65B23C}
	EndProjectSection
EndProject
Project("{8BC9CEB8-8B4A-11D0-8D11-00A0C91BC942}") = "Nightly", "test\Nightly.vcxproj", "{6E2A7422-5416-32DE-B689-DFAD7E158C2A}"
	ProjectSection(ProjectDependencies) = postProject
		{952F698D-75F4-3073-A887-1C80BA65B23C} = {952F698D-75F4-3073-A887-1C80BA65B23C}
	EndProjectSection
EndProject
Project("{8BC9CEB8-8B4A-11D0-8D11-00A0C91BC942}") = "NightlyMemoryCheck", "test\NightlyMemoryCheck.vcxproj", "{935026AB-A017-39A3-B5D6-2DAEAD2EAA16}"
	ProjectSection(ProjectDependencies) = postProject
		{952F698D-75F4-3073-A887-1C80BA65B23C} = {952F698D-75F4-3073-A887-1C80BA65B23C}
	EndProjectSection
EndProject
Project("{8BC9CEB8-8B4A-11D0-8D11-00A0C91BC942}") = "UpdateAssimpLibsDebugSymbolsAndDLLs", "UpdateAssimpLibsDebugSymbolsAndDLLs.vcxproj", "{8E280E9F-71D2-3519-9402-E83340AE9EA0}"
	ProjectSection(ProjectDependencies) = postProject
		{952F698D-75F4-3073-A887-1C80BA65B23C} = {952F698D-75F4-3073-A887-1C80BA65B23C}
	EndProjectSection
EndProject
Project("{8BC9CEB8-8B4A-11D0-8D11-00A0C91BC942}") = "ZERO_CHECK", "ZERO_CHECK.vcxproj", "{952F698D-75F4-3073-A887-1C80BA65B23C}"
	ProjectSection(ProjectDependencies) = postProject
	EndProjectSection
EndProject
Project("{8BC9CEB8-8B4A-11D0-8D11-00A0C91BC942}") = "assimp", "code\assimp.vcxproj", "{3AA76D98-6676-347A-9547-68ED36C0C8A8}"
	ProjectSection(ProjectDependencies) = postProject
		{274C157E-8CFE-3026-927F-13278A0FDDA4} = {274C157E-8CFE-3026-927F-13278A0FDDA4}
		{952F698D-75F4-3073-A887-1C80BA65B23C} = {952F698D-75F4-3073-A887-1C80BA65B23C}
		{9C6D5544-E8A9-3F69-9305-FED1D559E7D4} = {9C6D5544-E8A9-3F69-9305-FED1D559E7D4}
	EndProjectSection
EndProject
Project("{8BC9CEB8-8B4A-11D0-8D11-00A0C91BC942}") = "assimp_cmd", "tools\assimp_cmd\assimp_cmd.vcxproj", "{F4EA3D3B-D189-3DF3-BA07-9B5D26E27B66}"
	ProjectSection(ProjectDependencies) = postProject
		{274C157E-8CFE-3026-927F-13278A0FDDA4} = {274C157E-8CFE-3026-927F-13278A0FDDA4}
		{952F698D-75F4-3073-A887-1C80BA65B23C} = {952F698D-75F4-3073-A887-1C80BA65B23C}
		{3AA76D98-6676-347A-9547-68ED36C0C8A8} = {3AA76D98-6676-347A-9547-68ED36C0C8A8}
		{9C6D5544-E8A9-3F69-9305-FED1D559E7D4} = {9C6D5544-E8A9-3F69-9305-FED1D559E7D4}
	EndProjectSection
EndProject
Project("{8BC9CEB8-8B4A-11D0-8D11-00A0C91BC942}") = "uninstall", "uninstall.vcxproj", "{63D9B4F2-6753-3C4B-A853-79C2FD5DD16D}"
	ProjectSection(ProjectDependencies) = postProject
		{952F698D-75F4-3073-A887-1C80BA65B23C} = {952F698D-75F4-3073-A887-1C80BA65B23C}
	EndProjectSection
EndProject
Project("{8BC9CEB8-8B4A-11D0-8D11-00A0C91BC942}") = "unit", "test\unit.vcxproj", "{08BC8B18-1396-3061-91F9-F5827414504D}"
	ProjectSection(ProjectDependencies) = postProject
		{274C157E-8CFE-3026-927F-13278A0FDDA4} = {274C157E-8CFE-3026-927F-13278A0FDDA4}
		{952F698D-75F4-3073-A887-1C80BA65B23C} = {952F698D-75F4-3073-A887-1C80BA65B23C}
		{3AA76D98-6676-347A-9547-68ED36C0C8A8} = {3AA76D98-6676-347A-9547-68ED36C0C8A8}
		{9C6D5544-E8A9-3F69-9305-FED1D559E7D4} = {9C6D5544-E8A9-3F69-9305-FED1D559E7D4}
	EndProjectSection
EndProject
Project("{8BC9CEB8-8B4A-11D0-8D11-00A0C91BC942}") = "zlib", "contrib\zlib\zlib.vcxproj", "{21A1A58C-4301-3586-BE01-8C194BFAB7FD}"
	ProjectSection(ProjectDependencies) = postProject
		{952F698D-75F4-3073-A887-1C80BA65B23C} = {952F698D-75F4-3073-A887-1C80BA65B23C}
	EndProjectSection
EndProject
Project("{8BC9CEB8-8B4A-11D0-8D11-00A0C91BC942}") = "zlibstatic", "contrib\zlib\zlibstatic.vcxproj", "{9C6D5544-E8A9-3F69-9305-FED1D559E7D4}"
	ProjectSection(ProjectDependencies) = postProject
		{952F698D-75F4-3073-A887-1C80BA65B23C} = {952F698D-75F4-3073-A887-1C80BA65B23C}
	EndProjectSection
EndProject
Global
	GlobalSection(SolutionConfigurationPlatforms) = preSolution
		Debug|Win32 = Debug|Win32
		Release|Win32 = Release|Win32
		MinSizeRel|Win32 = MinSizeRel|Win32
		RelWithDebInfo|Win32 = RelWithDebInfo|Win32
	EndGlobalSection
	GlobalSection(ProjectConfigurationPlatforms) = postSolution
		{91B5C1E5-99A7-3857-9C3D-8CAEE6BE6F16}.Debug|Win32.ActiveCfg = Debug|Win32
		{91B5C1E5-99A7-3857-9C3D-8CAEE6BE6F16}.Debug|Win32.Build.0 = Debug|Win32
		{91B5C1E5-99A7-3857-9C3D-8CAEE6BE6F16}.Release|Win32.ActiveCfg = Release|Win32
		{91B5C1E5-99A7-3857-9C3D-8CAEE6BE6F16}.Release|Win32.Build.0 = Release|Win32
		{91B5C1E5-99A7-3857-9C3D-8CAEE6BE6F16}.MinSizeRel|Win32.ActiveCfg = MinSizeRel|Win32
		{91B5C1E5-99A7-3857-9C3D-8CAEE6BE6F16}.MinSizeRel|Win32.Build.0 = MinSizeRel|Win32
		{91B5C1E5-99A7-3857-9C3D-8CAEE6BE6F16}.RelWithDebInfo|Win32.ActiveCfg = RelWithDebInfo|Win32
		{91B5C1E5-99A7-3857-9C3D-8CAEE6BE6F16}.RelWithDebInfo|Win32.Build.0 = RelWithDebInfo|Win32
		{54EEFE1D-97CD-30BA-913A-6DD0594D8AD4}.Debug|Win32.ActiveCfg = Debug|Win32
		{54EEFE1D-97CD-30BA-913A-6DD0594D8AD4}.Release|Win32.ActiveCfg = Release|Win32
		{54EEFE1D-97CD-30BA-913A-6DD0594D8AD4}.MinSizeRel|Win32.ActiveCfg = MinSizeRel|Win32
		{54EEFE1D-97CD-30BA-913A-6DD0594D8AD4}.RelWithDebInfo|Win32.ActiveCfg = RelWithDebInfo|Win32
		{815F21EC-7812-3583-ADAA-F4215A66A56B}.Debug|Win32.ActiveCfg = Debug|Win32
		{815F21EC-7812-3583-ADAA-F4215A66A56B}.Release|Win32.ActiveCfg = Release|Win32
		{815F21EC-7812-3583-ADAA-F4215A66A56B}.MinSizeRel|Win32.ActiveCfg = MinSizeRel|Win32
		{815F21EC-7812-3583-ADAA-F4215A66A56B}.RelWithDebInfo|Win32.ActiveCfg = RelWithDebInfo|Win32
		{1A3AD13D-B269-3450-9AFE-E226BCE1E569}.Debug|Win32.ActiveCfg = Debug|Win32
		{1A3AD13D-B269-3450-9AFE-E226BCE1E569}.Release|Win32.ActiveCfg = Release|Win32
		{1A3AD13D-B269-3450-9AFE-E226BCE1E569}.MinSizeRel|Win32.ActiveCfg = MinSizeRel|Win32
		{1A3AD13D-B269-3450-9AFE-E226BCE1E569}.RelWithDebInfo|Win32.ActiveCfg = RelWithDebInfo|Win32
		{274C157E-8CFE-3026-927F-13278A0FDDA4}.Debug|Win32.ActiveCfg = Debug|Win32
		{274C157E-8CFE-3026-927F-13278A0FDDA4}.Debug|Win32.Build.0 = Debug|Win32
		{274C157E-8CFE-3026-927F-13278A0FDDA4}.Release|Win32.ActiveCfg = Release|Win32
		{274C157E-8CFE-3026-927F-13278A0FDDA4}.Release|Win32.Build.0 = Release|Win32
		{274C157E-8CFE-3026-927F-13278A0FDDA4}.MinSizeRel|Win32.ActiveCfg = MinSizeRel|Win32
		{274C157E-8CFE-3026-927F-13278A0FDDA4}.MinSizeRel|Win32.Build.0 = MinSizeRel|Win32
		{274C157E-8CFE-3026-927F-13278A0FDDA4}.RelWithDebInfo|Win32.ActiveCfg = RelWithDebInfo|Win32
		{274C157E-8CFE-3026-927F-13278A0FDDA4}.RelWithDebInfo|Win32.Build.0 = RelWithDebInfo|Win32
		{6E2A7422-5416-32DE-B689-DFAD7E158C2A}.Debug|Win32.ActiveCfg = Debug|Win32
		{6E2A7422-5416-32DE-B689-DFAD7E158C2A}.Release|Win32.ActiveCfg = Release|Win32
		{6E2A7422-5416-32DE-B689-DFAD7E158C2A}.MinSizeRel|Win32.ActiveCfg = MinSizeRel|Win32
		{6E2A7422-5416-32DE-B689-DFAD7E158C2A}.RelWithDebInfo|Win32.ActiveCfg = RelWithDebInfo|Win32
		{935026AB-A017-39A3-B5D6-2DAEAD2EAA16}.Debug|Win32.ActiveCfg = Debug|Win32
		{935026AB-A017-39A3-B5D6-2DAEAD2EAA16}.Release|Win32.ActiveCfg = Release|Win32
		{935026AB-A017-39A3-B5D6-2DAEAD2EAA16}.MinSizeRel|Win32.ActiveCfg = MinSizeRel|Win32
		{935026AB-A017-39A3-B5D6-2DAEAD2EAA16}.RelWithDebInfo|Win32.ActiveCfg = RelWithDebInfo|Win32
		{8E280E9F-71D2-3519-9402-E83340AE9EA0}.Debug|Win32.ActiveCfg = Debug|Win32
		{8E280E9F-71D2-3519-9402-E83340AE9EA0}.Release|Win32.ActiveCfg = Release|Win32
		{8E280E9F-71D2-3519-9402-E83340AE9EA0}.MinSizeRel|Win32.ActiveCfg = MinSizeRel|Win32
		{8E280E9F-71D2-3519-9402-E83340AE9EA0}.RelWithDebInfo|Win32.ActiveCfg = RelWithDebInfo|Win32
		{952F698D-75F4-3073-A887-1C80BA65B23C}.Debug|Win32.ActiveCfg = Debug|Win32
		{952F698D-75F4-3073-A887-1C80BA65B23C}.Debug|Win32.Build.0 = Debug|Win32
		{952F698D-75F4-3073-A887-1C80BA65B23C}.Release|Win32.ActiveCfg = Release|Win32
		{952F698D-75F4-3073-A887-1C80BA65B23C}.Release|Win32.Build.0 = Release|Win32
		{952F698D-75F4-3073-A887-1C80BA65B23C}.MinSizeRel|Win32.ActiveCfg = MinSizeRel|Win32
		{952F698D-75F4-3073-A887-1C80BA65B23C}.MinSizeRel|Win32.Build.0 = MinSizeRel|Win32
		{952F698D-75F4-3073-A887-1C80BA65B23C}.RelWithDebInfo|Win32.ActiveCfg = RelWithDebInfo|Win32
		{952F698D-75F4-3073-A887-1C80BA65B23C}.RelWithDebInfo|Win32.Build.0 = RelWithDebInfo|Win32
		{3AA76D98-6676-347A-9547-68ED36C0C8A8}.Debug|Win32.ActiveCfg = Debug|Win32
		{3AA76D98-6676-347A-9547-68ED36C0C8A8}.Debug|Win32.Build.0 = Debug|Win32
		{3AA76D98-6676-347A-9547-68ED36C0C8A8}.Release|Win32.ActiveCfg = Release|Win32
		{3AA76D98-6676-347A-9547-68ED36C0C8A8}.Release|Win32.Build.0 = Release|Win32
		{3AA76D98-6676-347A-9547-68ED36C0C8A8}.MinSizeRel|Win32.ActiveCfg = MinSizeRel|Win32
		{3AA76D98-6676-347A-9547-68ED36C0C8A8}.MinSizeRel|Win32.Build.0 = MinSizeRel|Win32
		{3AA76D98-6676-347A-9547-68ED36C0C8A8}.RelWithDebInfo|Win32.ActiveCfg = RelWithDebInfo|Win32
		{3AA76D98-6676-347A-9547-68ED36C0C8A8}.RelWithDebInfo|Win32.Build.0 = RelWithDebInfo|Win32
		{F4EA3D3B-D189-3DF3-BA07-9B5D26E27B66}.Debug|Win32.ActiveCfg = Debug|Win32
		{F4EA3D3B-D189-3DF3-BA07-9B5D26E27B66}.Debug|Win32.Build.0 = Debug|Win32
		{F4EA3D3B-D189-3DF3-BA07-9B5D26E27B66}.Release|Win32.ActiveCfg = Release|Win32
		{F4EA3D3B-D189-3DF3-BA07-9B5D26E27B66}.Release|Win32.Build.0 = Release|Win32
		{F4EA3D3B-D189-3DF3-BA07-9B5D26E27B66}.MinSizeRel|Win32.ActiveCfg = MinSizeRel|Win32
		{F4EA3D3B-D189-3DF3-BA07-9B5D26E27B66}.MinSizeRel|Win32.Build.0 = MinSizeRel|Win32
		{F4EA3D3B-D189-3DF3-BA07-9B5D26E27B66}.RelWithDebInfo|Win32.ActiveCfg = RelWithDebInfo|Win32
		{F4EA3D3B-D189-3DF3-BA07-9B5D26E27B66}.RelWithDebInfo|Win32.Build.0 = RelWithDebInfo|Win32
		{63D9B4F2-6753-3C4B-A853-79C2FD5DD16D}.Debug|Win32.ActiveCfg = Debug|Win32
		{63D9B4F2-6753-3C4B-A853-79C2FD5DD16D}.Release|Win32.ActiveCfg = Release|Win32
		{63D9B4F2-6753-3C4B-A853-79C2FD5DD16D}.MinSizeRel|Win32.ActiveCfg = MinSizeRel|Win32
		{63D9B4F2-6753-3C4B-A853-79C2FD5DD16D}.RelWithDebInfo|Win32.ActiveCfg = RelWithDebInfo|Win32
		{08BC8B18-1396-3061-91F9-F5827414504D}.Debug|Win32.ActiveCfg = Debug|Win32
		{08BC8B18-1396-3061-91F9-F5827414504D}.Debug|Win32.Build.0 = Debug|Win32
		{08BC8B18-1396-3061-91F9-F5827414504D}.Release|Win32.ActiveCfg = Release|Win32
		{08BC8B18-1396-3061-91F9-F5827414504D}.Release|Win32.Build.0 = Release|Win32
		{08BC8B18-1396-3061-91F9-F5827414504D}.MinSizeRel|Win32.ActiveCfg = MinSizeRel|Win32
		{08BC8B18-1396-3061-91F9-F5827414504D}.MinSizeRel|Win32.Build.0 = MinSizeRel|Win32
		{08BC8B18-1396-3061-91F9-F5827414504D}.RelWithDebInfo|Win32.ActiveCfg = RelWithDebInfo|Win32
		{08BC8B18-1396-3061-91F9-F5827414504D}.RelWithDebInfo|Win32.Build.0 = RelWithDebInfo|Win32
		{21A1A58C-4301-3586-BE01-8C194BFAB7FD}.Debug|Win32.ActiveCfg = Debug|Win32
		{21A1A58C-4301-3586-BE01-8C194BFAB7FD}.Debug|Win32.Build.0 = Debug|Win32
		{21A1A58C-4301-3586-BE01-8C194BFAB7FD}.Release|Win32.ActiveCfg = Release|Win32
		{21A1A58C-4301-3586-BE01-8C194BFAB7FD}.Release|Win32.Build.0 = Release|Win32
		{21A1A58C-4301-3586-BE01-8C194BFAB7FD}.MinSizeRel|Win32.ActiveCfg = MinSizeRel|Win32
		{21A1A58C-4301-3586-BE01-8C194BFAB7FD}.MinSizeRel|Win32.Build.0 = MinSizeRel|Win32
		{21A1A58C-4301-3586-BE01-8C194BFAB7FD}.RelWithDebInfo|Win32.ActiveCfg = RelWithDebInfo|Win32
		{21A1A58C-4301-3586-BE01-8C194BFAB7FD}.RelWithDebInfo|Win32.Build.0 = RelWithDebInfo|Win32
		{9C6D5544-E8A9-3F69-9305-FED1D559E7D4}.Debug|Win32.ActiveCfg = Debug|Win32
		{9C6D5544-E8A9-3F69-9305-FED1D559E7D4}.Debug|Win32.Build.0 = Debug|Win32
		{9C6D5544-E8A9-3F69-9305-FED1D559E7D4}.Release|Win32.ActiveCfg = Release|Win32
		{9C6D5544-E8A9-3F69-9305-FED1D559E7D4}.Release|Win32.Build.0 = Release|Win32
		{9C6D5544-E8A9-3F69-9305-FED1D559E7D4}.MinSizeRel|Win32.ActiveCfg = MinSizeRel|Win32
		{9C6D5544-E8A9-3F69-9305-FED1D559E7D4}.MinSizeRel|Win32.Build.0 = MinSizeRel|Win32
		{9C6D5544-E8A9-3F69-9305-FED1D559E7D4}.RelWithDebInfo|Win32.ActiveCfg = RelWithDebInfo|Win32
		{9C6D5544-E8A9-3F69-9305-FED1D559E7D4}.RelWithDebInfo|Win32.Build.0 = RelWithDebInfo|Win32
	EndGlobalSection
	GlobalSection(ExtensibilityGlobals) = postSolution
		SolutionGuid = {EB1010F8-541A-3D22-BF1F-AA76E15D9ED3}
	EndGlobalSection
	GlobalSection(ExtensibilityAddIns) = postSolution
	EndGlobalSection
EndGlobal
